
Microsoft Visual Studio Solution File, Format Version 12.00
# Visual Studio Version 17
VisualStudioVersion = 17.7.34031.279
MinimumVisualStudioVersion = 10.0.40219.1
Project("{FAE04EC0-301F-11D3-BF4B-00C04F79EFBC}") = "Flaschen", "Flaschen\Flaschen.csproj", "{4C3DB8A3-7F92-4C40-955D-4AD34D0DE430}"
EndProject
Global
	GlobalSection(SolutionConfigurationPlatforms) = preSolution
		Debug|Any CPU = Debug|Any CPU
		Release|Any CPU = Release|Any CPU
	EndGlobalSection
	GlobalSection(ProjectConfigurationPlatforms) = postSolution
		{4C3DB8A3-7F92-4C40-955D-4AD34D0DE430}.Debug|Any CPU.ActiveCfg = Debug|Any CPU
		{4C3DB8A3-7F92-4C40-955D-4AD34D0DE430}.Debug|Any CPU.Build.0 = Debug|Any CPU
		{4C3DB8A3-7F92-4C40-955D-4AD34D0DE430}.Release|Any CPU.ActiveCfg = Release|Any CPU
		{4C3DB8A3-7F92-4C40-955D-4AD34D0DE430}.Release|Any CPU.Build.0 = Release|Any CPU
	EndGlobalSection
	GlobalSection(SolutionProperties) = preSolution
		HideSolutionNode = FALSE
	EndGlobalSection
	GlobalSection(ExtensibilityGlobals) = postSolution
		SolutionGuid = {4339AC60-D4B0-4BE7-B868-7C177CDB9867}
	EndGlobalSection
EndGlobal
